{
  "version": "5",
  "specifiers": {
    "jsr:@deno/sandbox@*": "0.4.4",
    "jsr:@hono/hono@^4.11.1": "4.11.1",
    "jsr:@std/async@^1.0.15": "1.0.15",
    "jsr:@std/encoding@^1.0.10": "1.0.10",
    "jsr:@std/fs@^1.0.19": "1.0.20",
    "jsr:@std/internal@^1.0.12": "1.0.12",
    "jsr:@std/path@^1.1.2": "1.1.3",
    "jsr:@std/path@^1.1.3": "1.1.3",
    "npm:@dotenvx/dotenvx@*": "1.51.2_picomatch@4.0.3",
    "npm:@dotenvx/dotenvx@^1.51.2": "1.51.2_picomatch@4.0.3",
    "npm:@hono/standard-validator@~0.2.1": "0.2.1_@standard-schema+spec@1.0.0_hono@4.11.1",
    "npm:@hono/swagger-ui@~0.5.2": "0.5.2_hono@4.11.1",
    "npm:@hono/zod-openapi@^1.2.0": "1.2.0_hono@4.11.1_zod@4.1.5",
    "npm:devalue@5.3.2": "5.3.2",
    "npm:hono-openapi@^1.1.2": "1.1.2_@hono+standard-validator@0.2.1__@standard-schema+spec@1.0.0__hono@4.11.1_@standard-community+standard-json@0.3.5__@standard-schema+spec@1.0.0__@types+json-schema@7.0.15__quansync@0.2.11__zod@4.1.5_@standard-community+standard-openapi@0.2.9__@standard-community+standard-json@0.3.5___@standard-schema+spec@1.0.0___@types+json-schema@7.0.15___quansync@0.2.11___zod@4.1.5__@standard-schema+spec@1.0.0__openapi-types@12.1.3__zod@4.1.5__@types+json-schema@7.0.15_@types+json-schema@7.0.15_openapi-types@12.1.3_zod@4.1.5",
    "npm:parse-domain@^8.2.2": "8.2.2",
    "npm:ws@^8.18.3": "8.18.3",
    "npm:zod@4.1.5": "4.1.5"
  },
  "jsr": {
    "@deno/sandbox@0.4.4": {
      "integrity": "d3c243b35c2f3fa7915105211afa87dff27c15c2948a01f650c2926ca0333c23",
      "dependencies": [
        "jsr:@std/async",
        "jsr:@std/encoding",
        "jsr:@std/fs",
        "jsr:@std/path@^1.1.2",
        "npm:devalue",
        "npm:ws",
        "npm:zod"
      ]
    },
    "@hono/hono@4.11.1": {
      "integrity": "28bb28c7322a1379e7132af05ef76aef09f86bb8cdd7077c67e004dea288ac0d"
    },
    "@std/async@1.0.15": {
      "integrity": "55d1d9d04f99403fe5730ab16bdcc3c47f658a6bf054cafb38a50f046238116e"
    },
    "@std/encoding@1.0.10": {
      "integrity": "8783c6384a2d13abd5e9e87a7ae0520a30e9f56aeeaa3bdf910a3eaaf5c811a1"
    },
    "@std/fs@1.0.20": {
      "integrity": "e953206aae48d46ee65e8783ded459f23bec7dd1f3879512911c35e5484ea187",
      "dependencies": [
        "jsr:@std/internal",
        "jsr:@std/path@^1.1.3"
      ]
    },
    "@std/internal@1.0.12": {
      "integrity": "972a634fd5bc34b242024402972cd5143eac68d8dffaca5eaa4dba30ce17b027"
    },
    "@std/path@1.1.3": {
      "integrity": "b015962d82a5e6daea980c32b82d2c40142149639968549c649031a230b1afb3",
      "dependencies": [
        "jsr:@std/internal"
      ]
    }
  },
  "npm": {
    "@asteasolutions/zod-to-openapi@8.2.0_zod@4.1.5": {
      "integrity": "sha512-u05zNUirlukJAf9oEHmxSF31L1XQhz9XdpVILt7+xhrz65oQqBpiOWFkGvRWL0IpjOUJ878idKoNmYPxrFnkeg==",
      "dependencies": [
        "openapi3-ts",
        "zod"
      ]
    },
    "@dotenvx/dotenvx@1.51.2_picomatch@4.0.3": {
      "integrity": "sha512-+693mNflujDZxudSEqSNGpn92QgFhJlBn9q2mDQ9yGWyHuz3hZ8B5g3EXCwdAz4DMJAI+OFCIbfEFZS+YRdrEA==",
      "dependencies": [
        "commander",
        "dotenv",
        "eciesjs",
        "execa",
        "fdir",
        "ignore",
        "object-treeify",
        "picomatch",
        "which@4.0.0"
      ],
      "bin": true
    },
    "@ecies/ciphers@0.2.5_@noble+ciphers@1.3.0": {
      "integrity": "sha512-GalEZH4JgOMHYYcYmVqnFirFsjZHeoGMDt9IxEnM9F7GRUUyUksJ7Ou53L83WHJq3RWKD3AcBpo0iQh0oMpf8A==",
      "dependencies": [
        "@noble/ciphers"
      ]
    },
    "@hono/standard-validator@0.2.1_@standard-schema+spec@1.0.0_hono@4.11.1": {
      "integrity": "sha512-uF1W7/iSWi0r5Mugj5ZzdlCVp/KeGatS6JYt+Eht9xKO0IDtdZbdaLApgjrzHINQQa+Wnxw2pcX6EfO+vgB+Wg==",
      "dependencies": [
        "@standard-schema/spec",
        "hono"
      ]
    },
    "@hono/swagger-ui@0.5.2_hono@4.11.1": {
      "integrity": "sha512-7wxLKdb8h7JTdZ+K8DJNE3KXQMIpJejkBTQjrYlUWF28Z1PGOKw6kUykARe5NTfueIN37jbyG/sBYsbzXzG53A==",
      "dependencies": [
        "hono"
      ]
    },
    "@hono/zod-openapi@1.2.0_hono@4.11.1_zod@4.1.5": {
      "integrity": "sha512-KDfHqv/Wy4elVseZXgokbHxeWuqBL+AZfqsOMpEihBMUsk/fJ+bLIi3Sf70JFVpt1Ihui8RasYrInozt7ZBDIA==",
      "dependencies": [
        "@asteasolutions/zod-to-openapi",
        "@hono/zod-validator",
        "hono",
        "openapi3-ts",
        "zod"
      ]
    },
    "@hono/zod-validator@0.7.6_hono@4.11.1_zod@4.1.5": {
      "integrity": "sha512-Io1B6d011Gj1KknV4rXYz4le5+5EubcWEU/speUjuw9XMMIaP3n78yXLhjd2A3PXaXaUwEAluOiAyLqhBEJgsw==",
      "dependencies": [
        "hono",
        "zod"
      ]
    },
    "@noble/ciphers@1.3.0": {
      "integrity": "sha512-2I0gnIVPtfnMw9ee9h1dJG7tp81+8Ob3OJb3Mv37rx5L40/b0i7djjCVvGOVqc9AEIQyvyu1i6ypKdFw8R8gQw=="
    },
    "@noble/curves@1.9.7": {
      "integrity": "sha512-gbKGcRUYIjA3/zCCNaWDciTMFI0dCkvou3TL8Zmy5Nc7sJ47a0jtOeZoTaMxkuqRo9cRhjOdZJXegxYE5FN/xw==",
      "dependencies": [
        "@noble/hashes"
      ]
    },
    "@noble/hashes@1.8.0": {
      "integrity": "sha512-jCs9ldd7NwzpgXDIf6P3+NrHh9/sD6CQdxHyjQI+h/6rDNo88ypBxxz45UDuZHz9r3tNz7N/VInSVoVdtXEI4A=="
    },
    "@standard-community/standard-json@0.3.5_@standard-schema+spec@1.0.0_@types+json-schema@7.0.15_quansync@0.2.11_zod@4.1.5": {
      "integrity": "sha512-4+ZPorwDRt47i+O7RjyuaxHRK/37QY/LmgxlGrRrSTLYoFatEOzvqIc85GTlM18SFZ5E91C+v0o/M37wZPpUHA==",
      "dependencies": [
        "@standard-schema/spec",
        "@types/json-schema",
        "quansync",
        "zod"
      ],
      "optionalPeers": [
        "zod"
      ]
    },
    "@standard-community/standard-openapi@0.2.9_@standard-community+standard-json@0.3.5__@standard-schema+spec@1.0.0__@types+json-schema@7.0.15__quansync@0.2.11__zod@4.1.5_@standard-schema+spec@1.0.0_openapi-types@12.1.3_zod@4.1.5_@types+json-schema@7.0.15": {
      "integrity": "sha512-htj+yldvN1XncyZi4rehbf9kLbu8os2Ke/rfqoZHCMHuw34kiF3LP/yQPdA0tQ940y8nDq3Iou8R3wG+AGGyvg==",
      "dependencies": [
        "@standard-community/standard-json",
        "@standard-schema/spec",
        "openapi-types",
        "zod"
      ],
      "optionalPeers": [
        "zod"
      ]
    },
    "@standard-schema/spec@1.0.0": {
      "integrity": "sha512-m2bOd0f2RT9k8QJx1JN85cZYyH1RqFBdlwtkSlf4tBDYLCiiZnv1fIIwacK6cqwXavOydf0NPToMQgpKq+dVlA=="
    },
    "@types/json-schema@7.0.15": {
      "integrity": "sha512-5+fP8P8MFNC+AyZCDxrB2pkZFPGzqQWUzpSeuuVLvm8VMcorNYavBqoFcxK8bQz4Qsbn4oUEEem4wDLfcysGHA=="
    },
    "clone-regexp@3.0.0": {
      "integrity": "sha512-ujdnoq2Kxb8s3ItNBtnYeXdm07FcU0u8ARAT1lQ2YdMwQC+cdiXX8KoqMVuglztILivceTtp4ivqGSmEmhBUJw==",
      "dependencies": [
        "is-regexp"
      ]
    },
    "commander@11.1.0": {
      "integrity": "sha512-yPVavfyCcRhmorC7rWlkHn15b4wDVgVmBA7kV4QVBsF7kv/9TKJAbAXVTxvTnwP8HHKjRCJDClKbciiYS7p0DQ=="
    },
    "convert-hrtime@5.0.0": {
      "integrity": "sha512-lOETlkIeYSJWcbbcvjRKGxVMXJR+8+OQb/mTPbA4ObPMytYIsUbuOE0Jzy60hjARYszq1id0j8KgVhC+WGZVTg=="
    },
    "cross-spawn@7.0.6": {
      "integrity": "sha512-uV2QOWP2nWzsy2aMp8aRibhi9dlzF5Hgh5SHaB9OiTGEyDTiJJyx0uy51QXdyWbtAHNua4XJzUKca3OzKUd3vA==",
      "dependencies": [
        "path-key",
        "shebang-command",
        "which@2.0.2"
      ]
    },
    "devalue@5.3.2": {
      "integrity": "sha512-UDsjUbpQn9kvm68slnrs+mfxwFkIflOhkanmyabZ8zOYk8SMEIbJ3TK+88g70hSIeytu4y18f0z/hYHMTrXIWw=="
    },
    "dotenv@17.2.3": {
      "integrity": "sha512-JVUnt+DUIzu87TABbhPmNfVdBDt18BLOWjMUFJMSi/Qqg7NTYtabbvSNJGOJ7afbRuv9D/lngizHtP7QyLQ+9w=="
    },
    "eciesjs@0.4.16_@noble+ciphers@1.3.0": {
      "integrity": "sha512-dS5cbA9rA2VR4Ybuvhg6jvdmp46ubLn3E+px8cG/35aEDNclrqoCjg6mt0HYZ/M+OoESS3jSkCrqk1kWAEhWAw==",
      "dependencies": [
        "@ecies/ciphers",
        "@noble/ciphers",
        "@noble/curves",
        "@noble/hashes"
      ]
    },
    "execa@5.1.1": {
      "integrity": "sha512-8uSpZZocAZRBAPIEINJj3Lo9HyGitllczc27Eh5YYojjMFMn8yHMDMaUHE2Jqfq05D/wucwI4JGURyXt1vchyg==",
      "dependencies": [
        "cross-spawn",
        "get-stream",
        "human-signals",
        "is-stream",
        "merge-stream",
        "npm-run-path",
        "onetime",
        "signal-exit",
        "strip-final-newline"
      ]
    },
    "fdir@6.5.0_picomatch@4.0.3": {
      "integrity": "sha512-tIbYtZbucOs0BRGqPJkshJUYdL+SDH7dVM8gjy+ERp3WAUjLEFJE+02kanyHtwjWOnwrKYBiwAmM0p4kLJAnXg==",
      "dependencies": [
        "picomatch"
      ],
      "optionalPeers": [
        "picomatch"
      ]
    },
    "function-timeout@0.1.1": {
      "integrity": "sha512-0NVVC0TaP7dSTvn1yMiy6d6Q8gifzbvQafO46RtLG/kHJUBNd+pVRGOBoK44wNBvtSPUJRfdVvkFdD3p0xvyZg=="
    },
    "get-stream@6.0.1": {
      "integrity": "sha512-ts6Wi+2j3jQjqi70w5AlN8DFnkSwC+MqmxEzdEALB2qXZYV3X/b1CTfgPLGJNMeAWxdPfU8FO1ms3NUfaHCPYg=="
    },
    "hono-openapi@1.1.2_@hono+standard-validator@0.2.1__@standard-schema+spec@1.0.0__hono@4.11.1_@standard-community+standard-json@0.3.5__@standard-schema+spec@1.0.0__@types+json-schema@7.0.15__quansync@0.2.11__zod@4.1.5_@standard-community+standard-openapi@0.2.9__@standard-community+standard-json@0.3.5___@standard-schema+spec@1.0.0___@types+json-schema@7.0.15___quansync@0.2.11___zod@4.1.5__@standard-schema+spec@1.0.0__openapi-types@12.1.3__zod@4.1.5__@types+json-schema@7.0.15_@types+json-schema@7.0.15_openapi-types@12.1.3_zod@4.1.5": {
      "integrity": "sha512-toUcO60MftRBxqcVyxsHNYs2m4vf4xkQaiARAucQx3TiBPDtMNNkoh+C4I1vAretQZiGyaLOZNWn1YxfSyUA5g==",
      "dependencies": [
        "@hono/standard-validator",
        "@standard-community/standard-json",
        "@standard-community/standard-openapi",
        "@types/json-schema",
        "openapi-types"
      ],
      "optionalPeers": [
        "@hono/standard-validator"
      ]
    },
    "hono@4.11.1": {
      "integrity": "sha512-KsFcH0xxHes0J4zaQgWbYwmz3UPOOskdqZmItstUG93+Wk1ePBLkLGwbP9zlmh1BFUiL8Qp+Xfu9P7feJWpGNg=="
    },
    "human-signals@2.1.0": {
      "integrity": "sha512-B4FFZ6q/T2jhhksgkbEW3HBvWIfDW85snkQgawt07S7J5QXTk6BkNV+0yAeZrM5QpMAdYlocGoljn0sJ/WQkFw=="
    },
    "ignore@5.3.2": {
      "integrity": "sha512-hsBTNUqQTDwkWtcdYI2i06Y/nUBEsNEDJKjWdigLvegy8kDuJAS8uRlpkkcQpyEXL0Z/pjDy5HBmMjRCJ2gq+g=="
    },
    "ip-regex@5.0.0": {
      "integrity": "sha512-fOCG6lhoKKakwv+C6KdsOnGvgXnmgfmp0myi3bcNwj3qfwPAxRKWEuFhvEFF7ceYIz6+1jRZ+yguLFAmUNPEfw=="
    },
    "is-ip@5.0.1": {
      "integrity": "sha512-FCsGHdlrOnZQcp0+XT5a+pYowf33itBalCl+7ovNXC/7o5BhIpG14M3OrpPPdBSIQJCm+0M5+9mO7S9VVTTCFw==",
      "dependencies": [
        "ip-regex",
        "super-regex"
      ]
    },
    "is-regexp@3.1.0": {
      "integrity": "sha512-rbku49cWloU5bSMI+zaRaXdQHXnthP6DZ/vLnfdSKyL4zUzuWnomtOEiZZOd+ioQ+avFo/qau3KPTc7Fjy1uPA=="
    },
    "is-stream@2.0.1": {
      "integrity": "sha512-hFoiJiTl63nn+kstHGBtewWSKnQLpyb155KHheA1l39uvtO9nWIop1p3udqPcUd/xbF1VLMO4n7OI6p7RbngDg=="
    },
    "isexe@2.0.0": {
      "integrity": "sha512-RHxMLp9lnKHGHRng9QFhRCMbYAcVpn69smSGcq3f36xjgVVWThj4qqLbTLlq7Ssj8B+fIQ1EuCEGI2lKsyQeIw=="
    },
    "isexe@3.1.1": {
      "integrity": "sha512-LpB/54B+/2J5hqQ7imZHfdU31OlgQqx7ZicVlkm9kzg9/w8GKLEcFfJl/t7DCEDueOyBAD6zCCwTO6Fzs0NoEQ=="
    },
    "merge-stream@2.0.0": {
      "integrity": "sha512-abv/qOcuPfk3URPfDzmZU1LKmuw8kT+0nIHvKrKgFrwifol/doWcdA4ZqsWQ8ENrFKkd67Mfpo/LovbIUsbt3w=="
    },
    "mimic-fn@2.1.0": {
      "integrity": "sha512-OqbOk5oEQeAZ8WXWydlu9HJjz9WVdEIvamMCcXmuqUYjTknH/sqsWvhQ3vgwKFRR1HpjvNBKQ37nbJgYzGqGcg=="
    },
    "npm-run-path@4.0.1": {
      "integrity": "sha512-S48WzZW777zhNIrn7gxOlISNAqi9ZC/uQFnRdbeIHhZhCA6UqpkOT8T1G7BvfdgP4Er8gF4sUbaS0i7QvIfCWw==",
      "dependencies": [
        "path-key"
      ]
    },
    "object-treeify@1.1.33": {
      "integrity": "sha512-EFVjAYfzWqWsBMRHPMAXLCDIJnpMhdWAqR7xG6M6a2cs6PMFpl/+Z20w9zDW4vkxOFfddegBKq9Rehd0bxWE7A=="
    },
    "onetime@5.1.2": {
      "integrity": "sha512-kbpaSSGJTWdAY5KPVeMOKXSrPtr8C8C7wodJbcsd51jRnmD+GZu8Y0VoU6Dm5Z4vWr0Ig/1NKuWRKf7j5aaYSg==",
      "dependencies": [
        "mimic-fn"
      ]
    },
    "openapi-types@12.1.3": {
      "integrity": "sha512-N4YtSYJqghVu4iek2ZUvcN/0aqH1kRDuNqzcycDxhOUpg7GdvLa2F3DgS6yBNhInhv2r/6I0Flkn7CqL8+nIcw=="
    },
    "openapi3-ts@4.5.0": {
      "integrity": "sha512-jaL+HgTq2Gj5jRcfdutgRGLosCy/hT8sQf6VOy+P+g36cZOjI1iukdPnijC+4CmeRzg/jEllJUboEic2FhxhtQ==",
      "dependencies": [
        "yaml"
      ]
    },
    "parse-domain@8.2.2": {
      "integrity": "sha512-CoksenD3UDqphCHlXIcNh/TX0dsYLHo6dSAUC/QBcJRWJXcV5rc1mwsS4WbhYGu4LD4Uxc0v3ZzGo+OHCGsLcw==",
      "dependencies": [
        "is-ip"
      ],
      "bin": true
    },
    "path-key@3.1.1": {
      "integrity": "sha512-ojmeN0qd+y0jszEtoY48r0Peq5dwMEkIlCOu6Q5f41lfkswXuKtYrhgoTpLnyIcHm24Uhqx+5Tqm2InSwLhE6Q=="
    },
    "picomatch@4.0.3": {
      "integrity": "sha512-5gTmgEY/sqK6gFXLIsQNH19lWb4ebPDLA4SdLP7dsWkIXHWlG66oPuVvXSGFPppYZz8ZDZq0dYYrbHfBCVUb1Q=="
    },
    "quansync@0.2.11": {
      "integrity": "sha512-AifT7QEbW9Nri4tAwR5M/uzpBuqfZf+zwaEM/QkzEjj7NBuFD2rBuy0K3dE+8wltbezDV7JMA0WfnCPYRSYbXA=="
    },
    "shebang-command@2.0.0": {
      "integrity": "sha512-kHxr2zZpYtdmrN1qDjrrX/Z1rR1kG8Dx+gkpK1G4eXmvXswmcE1hTWBWYUzlraYw1/yZp6YuDY77YtvbN0dmDA==",
      "dependencies": [
        "shebang-regex"
      ]
    },
    "shebang-regex@3.0.0": {
      "integrity": "sha512-7++dFhtcx3353uBaq8DDR4NuxBetBzC7ZQOhmTQInHEd6bSrXdiEyzCvG07Z44UYdLShWUyXt5M/yhz8ekcb1A=="
    },
    "signal-exit@3.0.7": {
      "integrity": "sha512-wnD2ZE+l+SPC/uoS0vXeE9L1+0wuaMqKlfz9AMUo38JsyLSBWSFcHR1Rri62LZc12vLr1gb3jl7iwQhgwpAbGQ=="
    },
    "strip-final-newline@2.0.0": {
      "integrity": "sha512-BrpvfNAE3dcvq7ll3xVumzjKjZQ5tI1sEUIKr3Uoks0XUl45St3FlatVqef9prk4jRDzhW6WZg+3bk93y6pLjA=="
    },
    "super-regex@0.2.0": {
      "integrity": "sha512-WZzIx3rC1CvbMDloLsVw0lkZVKJWbrkJ0k1ghKFmcnPrW1+jWbgTkTEWVtD9lMdmI4jZEz40+naBxl1dCUhXXw==",
      "dependencies": [
        "clone-regexp",
        "function-timeout",
        "time-span"
      ]
    },
    "time-span@5.1.0": {
      "integrity": "sha512-75voc/9G4rDIJleOo4jPvN4/YC4GRZrY8yy1uU4lwrB3XEQbWve8zXoO5No4eFrGcTAMYyoY67p8jRQdtA1HbA==",
      "dependencies": [
        "convert-hrtime"
      ]
    },
    "which@2.0.2": {
      "integrity": "sha512-BLI3Tl1TW3Pvl70l3yq3Y64i+awpwXqsGBYWkkqMtnbXgrMD+yj7rhW0kuEDxzJaYXGjEW5ogapKNMEKNMjibA==",
      "dependencies": [
        "isexe@2.0.0"
      ],
      "bin": true
    },
    "which@4.0.0": {
      "integrity": "sha512-GlaYyEb07DPxYCKhKzplCWBJtvxZcZMrL+4UkrTSJHHPyZU4mYYTv3qaOe77H7EODLSSopAUFAc6W8U4yqvscg==",
      "dependencies": [
        "isexe@3.1.1"
      ],
      "bin": true
    },
    "ws@8.18.3": {
      "integrity": "sha512-PEIGCY5tSlUt50cqyMXfCzX+oOPqN0vuGqWzbcJ2xvnkzkq46oOpz7dQaTDBdfICb4N14+GARUDw2XV2N4tvzg=="
    },
    "yaml@2.8.2": {
      "integrity": "sha512-mplynKqc1C2hTVYxd0PU2xQAc22TI1vShAYGksCCfxbn/dFwnHTNi1bvYsBTkhdUNtGIf5xNOg938rrSSYvS9A==",
      "bin": true
    },
    "zod@4.1.5": {
      "integrity": "sha512-rcUUZqlLJgBC33IT3PNMgsCq6TzLQEG/Ei/KTCU0PedSWRMAXoOUN+4t/0H+Q8bdnLPdqUYnvboJT0bn/229qg=="
    }
  },
  "redirects": {
    "https://esm.sh/@gitbeaker/core@^43.8.0?target=denonext": "https://esm.sh/@gitbeaker/core@43.8.0?target=denonext",
    "https://esm.sh/@gitbeaker/requester-utils@^43.8.0?target=denonext": "https://esm.sh/@gitbeaker/requester-utils@43.8.0?target=denonext",
    "https://esm.sh/async-function@^1.0.0?target=denonext": "https://esm.sh/async-function@1.0.0?target=denonext",
    "https://esm.sh/async-generator-function@^1.0.0?target=denonext": "https://esm.sh/async-generator-function@1.0.0?target=denonext",
    "https://esm.sh/call-bind-apply-helpers@^1.0.1?target=denonext": "https://esm.sh/call-bind-apply-helpers@1.0.2?target=denonext",
    "https://esm.sh/call-bind-apply-helpers@^1.0.2/functionApply?target=denonext": "https://esm.sh/call-bind-apply-helpers@1.0.2/functionApply?target=denonext",
    "https://esm.sh/call-bind-apply-helpers@^1.0.2/functionCall?target=denonext": "https://esm.sh/call-bind-apply-helpers@1.0.2/functionCall?target=denonext",
    "https://esm.sh/call-bind-apply-helpers@^1.0.2?target=denonext": "https://esm.sh/call-bind-apply-helpers@1.0.2?target=denonext",
    "https://esm.sh/call-bound@^1.0.2?target=denonext": "https://esm.sh/call-bound@1.0.4?target=denonext",
    "https://esm.sh/dunder-proto@^1.0.1/get?target=denonext": "https://esm.sh/dunder-proto@1.0.1/get?target=denonext",
    "https://esm.sh/es-object-atoms@^1.0.0?target=denonext": "https://esm.sh/es-object-atoms@1.1.1?target=denonext",
    "https://esm.sh/es-object-atoms@^1.1.1?target=denonext": "https://esm.sh/es-object-atoms@1.1.1?target=denonext",
    "https://esm.sh/generator-function@^2.0.0?target=denonext": "https://esm.sh/generator-function@2.0.1?target=denonext",
    "https://esm.sh/get-intrinsic@^1.2.5?target=denonext": "https://esm.sh/get-intrinsic@1.3.1?target=denonext",
    "https://esm.sh/get-intrinsic@^1.3.0?target=denonext": "https://esm.sh/get-intrinsic@1.3.1?target=denonext",
    "https://esm.sh/get-proto@^1.0.1/Object.getPrototypeOf?target=denonext": "https://esm.sh/get-proto@1.0.1/Object.getPrototypeOf?target=denonext",
    "https://esm.sh/get-proto@^1.0.1/Reflect.getPrototypeOf?target=denonext": "https://esm.sh/get-proto@1.0.1/Reflect.getPrototypeOf?target=denonext",
    "https://esm.sh/get-proto@^1.0.1?target=denonext": "https://esm.sh/get-proto@1.0.1?target=denonext",
    "https://esm.sh/math-intrinsics@^1.1.0/abs?target=denonext": "https://esm.sh/math-intrinsics@1.1.0/abs?target=denonext",
    "https://esm.sh/math-intrinsics@^1.1.0/floor?target=denonext": "https://esm.sh/math-intrinsics@1.1.0/floor?target=denonext",
    "https://esm.sh/math-intrinsics@^1.1.0/max?target=denonext": "https://esm.sh/math-intrinsics@1.1.0/max?target=denonext",
    "https://esm.sh/math-intrinsics@^1.1.0/min?target=denonext": "https://esm.sh/math-intrinsics@1.1.0/min?target=denonext",
    "https://esm.sh/math-intrinsics@^1.1.0/pow?target=denonext": "https://esm.sh/math-intrinsics@1.1.0/pow?target=denonext",
    "https://esm.sh/math-intrinsics@^1.1.0/round?target=denonext": "https://esm.sh/math-intrinsics@1.1.0/round?target=denonext",
    "https://esm.sh/math-intrinsics@^1.1.0/sign?target=denonext": "https://esm.sh/math-intrinsics@1.1.0/sign?target=denonext",
    "https://esm.sh/object-inspect@^1.13.3?target=denonext": "https://esm.sh/object-inspect@1.13.4?target=denonext",
    "https://esm.sh/picomatch-browser@^2.2.6?target=denonext": "https://esm.sh/picomatch-browser@2.2.6?target=denonext",
    "https://esm.sh/qs@^6.14.0?target=denonext": "https://esm.sh/qs@6.14.0?target=denonext",
    "https://esm.sh/rate-limiter-flexible@^8.0.1?target=denonext": "https://esm.sh/rate-limiter-flexible@8.3.0?target=denonext",
    "https://esm.sh/side-channel-list@^1.0.0?target=denonext": "https://esm.sh/side-channel-list@1.0.0?target=denonext",
    "https://esm.sh/side-channel-map@^1.0.1?target=denonext": "https://esm.sh/side-channel-map@1.0.1?target=denonext",
    "https://esm.sh/side-channel-weakmap@^1.0.2?target=denonext": "https://esm.sh/side-channel-weakmap@1.0.2?target=denonext",
    "https://esm.sh/side-channel@^1.1.0?target=denonext": "https://esm.sh/side-channel@1.1.0?target=denonext",
    "https://esm.sh/xcase@^2.0.1?target=denonext": "https://esm.sh/xcase@2.0.1?target=denonext"
  },
  "remote": {
    "https://esm.sh/@gitbeaker/core@43.8.0/denonext/core.mjs": "7a2bdd2de753fffa7f7051be1f849701fdd5e8afd6f8eef38695fb102a431a9a",
    "https://esm.sh/@gitbeaker/core@43.8.0?target=denonext": "09bdcc8164d42b450cb8492498d46807a4d72baa249dcf1954be5da09adc8bb6",
    "https://esm.sh/@gitbeaker/requester-utils@43.8.0/denonext/requester-utils.mjs": "f97e7b7c739d361d2fda19e4435b2113088d0f04dcd3407a259e8efccb7c6300",
    "https://esm.sh/@gitbeaker/requester-utils@43.8.0?target=denonext": "394096e2db975ba8ef98492036f7f135e15b16cfbb9655f8bd3d4f1eed07df1d",
    "https://esm.sh/@gitbeaker/rest@43.8.0/denonext/rest.mjs": "77fc391046f74ce0bb62941b705a13eca19e8eb90915365f00bc8dc8fab38066",
    "https://esm.sh/@gitbeaker/rest@43.8.0?dts": "72267818eae53221cc6eddf6de611fff9c49fc7368b8a4999e3c5e31275c92cd",
    "https://esm.sh/async-function@1.0.0/denonext/async-function.mjs": "9a68a79494e7318827f19367915e5e8c902d81d395a2a429114371d8f506afd8",
    "https://esm.sh/async-function@1.0.0?target=denonext": "c5e89ac5310741350e80c75eb1ff0c24bdaa16db5bf0f9181fceea7e3bca763e",
    "https://esm.sh/async-generator-function@1.0.0/denonext/async-generator-function.mjs": "c7d6e6484a0083577a002c3114e08d84762b6f74327c89cd0129226cefd7436a",
    "https://esm.sh/async-generator-function@1.0.0?target=denonext": "7b92d0f159fcd05e4cb37faf06fe4d83333517287a9fd3fa1c3dfa34bfa99891",
    "https://esm.sh/call-bind-apply-helpers@1.0.2/denonext/actualApply.mjs": "e40dd22950f5eb996a325283de44db908753de3396f81ca4b4b186809ec7404b",
    "https://esm.sh/call-bind-apply-helpers@1.0.2/denonext/call-bind-apply-helpers.mjs": "1c096a11476850297224ad825a8e505c23fcc555a8474e929897f8d799fef30b",
    "https://esm.sh/call-bind-apply-helpers@1.0.2/denonext/functionApply.mjs": "20d90adbc9be9d9b51fe4fe1019f8bd1d0823f27a2557eed275b9e44c07260c5",
    "https://esm.sh/call-bind-apply-helpers@1.0.2/denonext/functionCall.mjs": "b36700f863bccd6667f66bfdc7cd9a252129cb203bf5eef59bf29046b9da1467",
    "https://esm.sh/call-bind-apply-helpers@1.0.2/denonext/reflectApply.mjs": "ad4d25d2a301d5d1701b908c50aa229ff4b5e62f05136d3828f1a26d5dc901f6",
    "https://esm.sh/call-bind-apply-helpers@1.0.2/functionApply?target=denonext": "62c4f7ef478c97ef7b1ba0e303d61df3cb4a1df4317b606e43b655f0e4219c43",
    "https://esm.sh/call-bind-apply-helpers@1.0.2/functionCall?target=denonext": "4366685652c948d1c2ca5264d496bb739f52ee5860950a1496e5214759135cc8",
    "https://esm.sh/call-bind-apply-helpers@1.0.2?target=denonext": "905e972ffcd24bdbceda3bc3208a2102b1ba8ebc2e74e55e42433ad17e1e455e",
    "https://esm.sh/call-bound@1.0.4/denonext/call-bound.mjs": "08fb5feeb1c0e871cfd19912759ea62b7023bac1d443ffb498f3968082bb3711",
    "https://esm.sh/call-bound@1.0.4?target=denonext": "8861d775f1c2f685b8985662bfc0eb9037cef7c41c7ee39ae49306662933cc67",
    "https://esm.sh/dunder-proto@1.0.1/denonext/get.mjs": "8249c9d4dfb0c1f5ee60df6588c77153a4da927b2759e7059b4124c69a8e9223",
    "https://esm.sh/dunder-proto@1.0.1/get?target=denonext": "13d001daa54e39c69fe8034e0f54ecf326c1b44fcdf005b47a16087c535ee15e",
    "https://esm.sh/es-object-atoms@1.1.1/denonext/es-object-atoms.mjs": "002f305a1112ee598445ab88204560f9e3e1595d4086d4b044d845364df196d1",
    "https://esm.sh/es-object-atoms@1.1.1?target=denonext": "42f0f1f77d6dc7e20b9510cd914b97e8f20c57c218bccd433292a9d86a7f2123",
    "https://esm.sh/generator-function@2.0.1/denonext/generator-function.mjs": "c0830dd65531f61823dd69e7d9f8fedace61f5810aa3ef4a47c876638ccce5a2",
    "https://esm.sh/generator-function@2.0.1?target=denonext": "d69b75b5af8feab1b72504ae1c088a112345997bc2fb03e78bc4b5cc2c717b30",
    "https://esm.sh/get-intrinsic@1.3.1/denonext/get-intrinsic.mjs": "af07ca16f714e1faaca241d5f136cae8e6d8300dc1cfcee3d2b670008fcfd579",
    "https://esm.sh/get-intrinsic@1.3.1?target=denonext": "e293e28f884cf6eb97da776907dd175a9b20a072d4b90898b590d7a156449f72",
    "https://esm.sh/get-proto@1.0.1/Object.getPrototypeOf?target=denonext": "07ea2fdda9026eb3b7e18eff95a1314a82db3b37efd0e4a1b7bd91c454bfd492",
    "https://esm.sh/get-proto@1.0.1/Reflect.getPrototypeOf?target=denonext": "08346568b8d1b2532dfff0affbb99b0400960313cb1b350969f9ca1f889ac700",
    "https://esm.sh/get-proto@1.0.1/denonext/Object.getPrototypeOf.mjs": "d62989d14e99b23a7604030f5b2c176b55067bd790d9056fd7b8a7f324c13c62",
    "https://esm.sh/get-proto@1.0.1/denonext/Reflect.getPrototypeOf.mjs": "4b884fb35dbdc6b2a67708f195cf46435514a7eb3930578453176aafe59d49fe",
    "https://esm.sh/get-proto@1.0.1/denonext/get-proto.mjs": "0e4ddb145c883b3f941aeba555feb48b9f177838d070449782265daf59b77377",
    "https://esm.sh/get-proto@1.0.1?target=denonext": "fa3e52250f16f485da729565f1f41dcbb23edeb64420db0146e374cc835c9b04",
    "https://esm.sh/math-intrinsics@1.1.0/abs?target=denonext": "b43b9b3996b29cda49a1ad6d71b876095144b3252c761b4338e8870e5073542e",
    "https://esm.sh/math-intrinsics@1.1.0/denonext/abs.mjs": "08304368394a36ee89a52def8a533da1f7c602891647a3e10543a8bbdb746c8b",
    "https://esm.sh/math-intrinsics@1.1.0/denonext/floor.mjs": "c5e41bb95fa47641ca012faa0a093eef6401d3ace4479a85e39cf726eb184785",
    "https://esm.sh/math-intrinsics@1.1.0/denonext/isNaN.mjs": "4c0aa9576873f1a60fc724bf6a7959ae3eb30e6b002aa3a94a00f6d071ae4fb2",
    "https://esm.sh/math-intrinsics@1.1.0/denonext/max.mjs": "d7b63113695c5fef18e6c505fb0db439cefefe5d6578283207bbed54287c53e9",
    "https://esm.sh/math-intrinsics@1.1.0/denonext/min.mjs": "445c0cbc6acecab1076657ce2b3ce8783b6bd7ec638b76b128dae98a92a9876a",
    "https://esm.sh/math-intrinsics@1.1.0/denonext/pow.mjs": "b15d61336938ae7d84cd9e223509cb576cc2b89a34ec678889c6cdc82bfdd45c",
    "https://esm.sh/math-intrinsics@1.1.0/denonext/round.mjs": "a96681000e62bc8c0ff3582a77981fc88fa3034ed5bb85b3e1a15047eeb954b6",
    "https://esm.sh/math-intrinsics@1.1.0/denonext/sign.mjs": "323a0314efc3a9892beebf5cdd3b6a1d71986821b58548b3a593f8103e4c49b0",
    "https://esm.sh/math-intrinsics@1.1.0/floor?target=denonext": "58bd34b24e7c69b79e09243ed99bf0aa35e0423524c5d6f3986d46f72b19cdab",
    "https://esm.sh/math-intrinsics@1.1.0/max?target=denonext": "67e6a93d9f2dd0eb70967013abd67be262b7651e05c4384c9899621ed29db5bb",
    "https://esm.sh/math-intrinsics@1.1.0/min?target=denonext": "869cb45f08e5642671cb4e0078b73fae5e767656e7ab86a208ca721d67b42fb1",
    "https://esm.sh/math-intrinsics@1.1.0/pow?target=denonext": "4f42df7a6c0593efdb1edb840affe3a464884ac3287fa18b03810021ee55a5fb",
    "https://esm.sh/math-intrinsics@1.1.0/round?target=denonext": "635d454d1f3fe901ab84dc7508ca8ba90825085b051278f083986ab8d763e675",
    "https://esm.sh/math-intrinsics@1.1.0/sign?target=denonext": "67eede9463cdb90393f9e449e8d6d59283db42ff1793fc381292a5612e535cfe",
    "https://esm.sh/object-inspect@1.13.4/denonext/object-inspect.mjs": "45c312125d1f5469db2840085ce40fa3fbaab81bebcb4b2f79153f9eeaa05230",
    "https://esm.sh/object-inspect@1.13.4?target=denonext": "426a13b7cd2fb610060e1d943f1ae802ef3873c2055b80dd75b39fddcb5b91f9",
    "https://esm.sh/picomatch-browser@2.2.6/denonext/picomatch-browser.mjs": "557a96272fdef60b48fa9a18e1e4afc699615899dc38333822e01f09815b3172",
    "https://esm.sh/picomatch-browser@2.2.6?target=denonext": "eba140ee4993f8cff36a9ec90f52b35c3ea300ee18d6cd4679a9db2c25ded58e",
    "https://esm.sh/qs@6.14.0/denonext/qs.mjs": "f3f15ab42c057304bab52a0083c74891bdef41d23542d32aebb8d2d955d798cd",
    "https://esm.sh/qs@6.14.0?target=denonext": "19dca1bf1e9b969c23877e2894bfce01d36a629b0a8d3f5696c0c3e249a370da",
    "https://esm.sh/rate-limiter-flexible@8.3.0/denonext/rate-limiter-flexible.mjs": "e853e93bbfd162bff3c103220cc17dc1a3a82688c809a8832985e2683ed2878a",
    "https://esm.sh/rate-limiter-flexible@8.3.0?target=denonext": "bbb8e3dc37f4b76acbd99baddc523a66abaab44b9fa668e10d6264885bb29863",
    "https://esm.sh/side-channel-list@1.0.0/denonext/side-channel-list.mjs": "615fd6bc8c12cf76f305e9037fa5d9c68683b513f05c28b282d6b6158b08fa00",
    "https://esm.sh/side-channel-list@1.0.0?target=denonext": "aa5947fc9e50ab024e202112fe8cbe16726adf354252de20c040258214c75ea5",
    "https://esm.sh/side-channel-map@1.0.1/denonext/side-channel-map.mjs": "5c6c38348826aa2b41eb5654fff235ae06a06c6f0b02ad736b6f226704d7043a",
    "https://esm.sh/side-channel-map@1.0.1?target=denonext": "8b59be4ffd58b5654971b600ca894755e9277c9be88dbfcc5673b2e85d8d30ec",
    "https://esm.sh/side-channel-weakmap@1.0.2/denonext/side-channel-weakmap.mjs": "5bee9551eadb611a71937950a614bd9d46ca5139afbb20e28321c1704953b367",
    "https://esm.sh/side-channel-weakmap@1.0.2?target=denonext": "f6ca783896c64a8ca09f483a7809e053e4e31b1569b5c5251ed5813561330dfe",
    "https://esm.sh/side-channel@1.1.0/denonext/side-channel.mjs": "2b14f5c6f2fc136405c1bda1897e81a87993ee525b4eff74232b8e6cacf9b759",
    "https://esm.sh/side-channel@1.1.0?target=denonext": "af0b34fab98933edb9b50119e3383d0f2df5451b179ded5e92007d6f773d12e2",
    "https://esm.sh/xcase@2.0.1/denonext/xcase.mjs": "ab4af8ebbf1ee15aa416a23714af58eee1020da9522e4af3cdbc2aa46ec95dd1",
    "https://esm.sh/xcase@2.0.1?target=denonext": "6cacdad78f5e7d49a5a85afcdc72c02e09d3e09ddee9e378e97bd0e3db75f6f2"
  },
  "workspace": {
    "packageJson": {
      "dependencies": [
        "npm:@dotenvx/dotenvx@^1.51.2"
      ]
    },
    "members": {
      "packages/on-demand-tls": {
        "dependencies": [
          "jsr:@hono/hono@^4.11.1",
          "npm:@hono/standard-validator@~0.2.1",
          "npm:@hono/swagger-ui@~0.5.2",
          "npm:@hono/zod-openapi@^1.2.0",
          "npm:hono-openapi@^1.1.2",
          "npm:parse-domain@^8.2.2"
        ]
      }
    }
  }
}
